
Microsoft Visual Studio Solution File, Format Version 12.00
# Visual Studio Version 17
VisualStudioVersion = 17.6.33829.357
MinimumVisualStudioVersion = 10.0.40219.1
Project("{8BC9CEB8-8B4A-11D0-8D11-00A0C91BC942}") = "MMO Networking", "MMO Networking\MMO Networking.vcxproj", "{F957E74E-F179-40EA-9B06-B445AD5A9FB0}"
EndProject
Project("{8BC9CEB8-8B4A-11D0-8D11-00A0C91BC942}") = "NetCommon", "NetCommon\NetCommon.vcxproj", "{5872458E-590C-46E4-B67F-8BE45BFE1179}"
EndProject
Project("{8BC9CEB8-8B4A-11D0-8D11-00A0C91BC942}") = "NetClient", "NetClient\NetClient.vcxproj", "{C6174558-EF6C-4888-B239-807F01A7A616}"
	ProjectSection(ProjectDependencies) = postProject
		{5872458E-590C-46E4-B67F-8BE45BFE1179} = {5872458E-590C-46E4-B67F-8BE45BFE1179}
	EndProjectSection
EndProject
Global
	GlobalSection(SolutionConfigurationPlatforms) = preSolution
		Debug|x64 = Debug|x64
		Debug|x86 = Debug|x86
		Release|x64 = Release|x64
		Release|x86 = Release|x86
	EndGlobalSection
	GlobalSection(ProjectConfigurationPlatforms) = postSolution
		{F957E74E-F179-40EA-9B06-B445AD5A9FB0}.Debug|x64.ActiveCfg = Debug|x64
		{F957E74E-F179-40EA-9B06-B445AD5A9FB0}.Debug|x64.Build.0 = Debug|x64
		{F957E74E-F179-40EA-9B06-B445AD5A9FB0}.Debug|x86.ActiveCfg = Debug|Win32
		{F957E74E-F179-40EA-9B06-B445AD5A9FB0}.Debug|x86.Build.0 = Debug|Win32
		{F957E74E-F179-40EA-9B06-B445AD5A9FB0}.Release|x64.ActiveCfg = Release|x64
		{F957E74E-F179-40EA-9B06-B445AD5A9FB0}.Release|x64.Build.0 = Release|x64
		{F957E74E-F179-40EA-9B06-B445AD5A9FB0}.Release|x86.ActiveCfg = Release|Win32
		{F957E74E-F179-40EA-9B06-B445AD5A9FB0}.Release|x86.Build.0 = Release|Win32
		{5872458E-590C-46E4-B67F-8BE45BFE1179}.Debug|x64.ActiveCfg = Debug|x64
		{5872458E-590C-46E4-B67F-8BE45BFE1179}.Debug|x64.Build.0 = Debug|x64
		{5872458E-590C-46E4-B67F-8BE45BFE1179}.Debug|x86.ActiveCfg = Debug|Win32
		{5872458E-590C-46E4-B67F-8BE45BFE1179}.Debug|x86.Build.0 = Debug|Win32
		{5872458E-590C-46E4-B67F-8BE45BFE1179}.Release|x64.ActiveCfg = Release|x64
		{5872458E-590C-46E4-B67F-8BE45BFE1179}.Release|x64.Build.0 = Release|x64
		{5872458E-590C-46E4-B67F-8BE45BFE1179}.Release|x86.ActiveCfg = Release|Win32
		{5872458E-590C-46E4-B67F-8BE45BFE1179}.Release|x86.Build.0 = Release|Win32
		{C6174558-EF6C-4888-B239-807F01A7A616}.Debug|x64.ActiveCfg = Debug|x64
		{C6174558-EF6C-4888-B239-807F01A7A616}.Debug|x64.Build.0 = Debug|x64
		{C6174558-EF6C-4888-B239-807F01A7A616}.Debug|x86.ActiveCfg = Debug|Win32
		{C6174558-EF6C-4888-B239-807F01A7A616}.Debug|x86.Build.0 = Debug|Win32
		{C6174558-EF6C-4888-B239-807F01A7A616}.Release|x64.ActiveCfg = Release|x64
		{C6174558-EF6C-4888-B239-807F01A7A616}.Release|x64.Build.0 = Release|x64
		{C6174558-EF6C-4888-B239-807F01A7A616}.Release|x86.ActiveCfg = Release|Win32
		{C6174558-EF6C-4888-B239-807F01A7A616}.Release|x86.Build.0 = Release|Win32
	EndGlobalSection
	GlobalSection(SolutionProperties) = preSolution
		HideSolutionNode = FALSE
	EndGlobalSection
	GlobalSection(ExtensibilityGlobals) = postSolution
		SolutionGuid = {208F9EA1-C470-4011-9575-0936F26DF19A}
	EndGlobalSection
EndGlobal
